
Microsoft Visual Studio Solution File, Format Version 12.00
# Visual Studio Version 17
VisualStudioVersion = 17.5.33414.496
MinimumVisualStudioVersion = 10.0.40219.1
Project("{FAE04EC0-301F-11D3-BF4B-00C04F79EFBC}") = "ManejoPresupuesto", "ManejoPresupuesto\ManejoPresupuesto.csproj", "{30D7AA12-36DB-4BD8-83A2-6693FDF116E4}"
EndProject
Global
	GlobalSection(SolutionConfigurationPlatforms) = preSolution
		Debug|Any CPU = Debug|Any CPU
		Release|Any CPU = Release|Any CPU
	EndGlobalSection
	GlobalSection(ProjectConfigurationPlatforms) = postSolution
		{30D7AA12-36DB-4BD8-83A2-6693FDF116E4}.Debug|Any CPU.ActiveCfg = Debug|Any CPU
		{30D7AA12-36DB-4BD8-83A2-6693FDF116E4}.Debug|Any CPU.Build.0 = Debug|Any CPU
		{30D7AA12-36DB-4BD8-83A2-6693FDF116E4}.Release|Any CPU.ActiveCfg = Release|Any CPU
		{30D7AA12-36DB-4BD8-83A2-6693FDF116E4}.Release|Any CPU.Build.0 = Release|Any CPU
	EndGlobalSection
	GlobalSection(SolutionProperties) = preSolution
		HideSolutionNode = FALSE
	EndGlobalSection
	GlobalSection(ExtensibilityGlobals) = postSolution
		SolutionGuid = {C5DD2A22-1231-4A25-A653-AF82C15A713B}
	EndGlobalSection
EndGlobal
